// !$*UTF8*$!
{
	archiveVersion = 1;
	classes = {
	};
	objectVersion = 77;
	objects = {

/* Begin PBXBuildFile section */
		A0D9265F2F20D8E10036EF1A /* ClockCore in Frameworks */ = {isa = PBXBuildFile; productRef = A0D9265E2F20D8E10036EF1A /* ClockCore */; };
		A0D9266E2F20DBC00036EF1A /* BerlinClockDomain in Frameworks */ = {isa = PBXBuildFile; productRef = A0D9266D2F20DBC00036EF1A /* BerlinClockDomain */; };
		A0DD56D62F2124E2002872D4 /* ClockTime in Frameworks */ = {isa = PBXBuildFile; productRef = A0DD56D52F2124E2002872D4 /* ClockTime */; };
		A0DD56E52F2128A0002872D4 /* ClockUI in Frameworks */ = {isa = PBXBuildFile; productRef = A0DD56E42F2128A0002872D4 /* ClockUI */; };
		A0DD57182F22160C002872D4 /* Bootstrap in Frameworks */ = {isa = PBXBuildFile; productRef = A0DD57172F22160C002872D4 /* Bootstrap */; };
/* End PBXBuildFile section */

/* Begin PBXContainerItemProxy section */
		A0D926002F20BE860036EF1A /* PBXContainerItemProxy */ = {
			isa = PBXContainerItemProxy;
			containerPortal = A0D925EA2F20BE830036EF1A /* Project object */;
			proxyType = 1;
			remoteGlobalIDString = A0D925F12F20BE830036EF1A;
			remoteInfo = BerlinClockApp;
		};
		A0D9260A2F20BE860036EF1A /* PBXContainerItemProxy */ = {
			isa = PBXContainerItemProxy;
			containerPortal = A0D925EA2F20BE830036EF1A /* Project object */;
			proxyType = 1;
			remoteGlobalIDString = A0D925F12F20BE830036EF1A;
			remoteInfo = BerlinClockApp;
		};
/* End PBXContainerItemProxy section */

/* Begin PBXFileReference section */
		A0D925F22F20BE830036EF1A /* BerlinClockApp.app */ = {isa = PBXFileReference; explicitFileType = wrapper.application; includeInIndex = 0; path = BerlinClockApp.app; sourceTree = BUILT_PRODUCTS_DIR; };
		A0D925FF2F20BE860036EF1A /* BerlinClockAppTests.xctest */ = {isa = PBXFileReference; explicitFileType = wrapper.cfbundle; includeInIndex = 0; path = BerlinClockAppTests.xctest; sourceTree = BUILT_PRODUCTS_DIR; };
		A0D926092F20BE860036EF1A /* BerlinClockAppUITests.xctest */ = {isa = PBXFileReference; explicitFileType = wrapper.cfbundle; includeInIndex = 0; path = BerlinClockAppUITests.xctest; sourceTree = BUILT_PRODUCTS_DIR; };
/* End PBXFileReference section */

/* Begin PBXFileSystemSynchronizedRootGroup section */
		A0D925F42F20BE830036EF1A /* BerlinClockApp */ = {
			isa = PBXFileSystemSynchronizedRootGroup;
			path = BerlinClockApp;
			sourceTree = "<group>";
		};
		A0D926022F20BE860036EF1A /* BerlinClockAppTests */ = {
			isa = PBXFileSystemSynchronizedRootGroup;
			path = BerlinClockAppTests;
			sourceTree = "<group>";
		};
		A0D9260C2F20BE860036EF1A /* BerlinClockAppUITests */ = {
			isa = PBXFileSystemSynchronizedRootGroup;
			path = BerlinClockAppUITests;
			sourceTree = "<group>";
		};
/* End PBXFileSystemSynchronizedRootGroup section */

/* Begin PBXFrameworksBuildPhase section */
		A0D925EF2F20BE830036EF1A /* Frameworks */ = {
			isa = PBXFrameworksBuildPhase;
			buildActionMask = 2147483647;
			files = (
				A0D9265F2F20D8E10036EF1A /* ClockCore in Frameworks */,
				A0DD56E52F2128A0002872D4 /* ClockUI in Frameworks */,
				A0DD56D62F2124E2002872D4 /* ClockTime in Frameworks */,
				A0DD57182F22160C002872D4 /* Bootstrap in Frameworks */,
				A0D9266E2F20DBC00036EF1A /* BerlinClockDomain in Frameworks */,
			);
			runOnlyForDeploymentPostprocessing = 0;
		};
		A0D925FC2F20BE860036EF1A /* Frameworks */ = {
			isa = PBXFrameworksBuildPhase;
			buildActionMask = 2147483647;
			files = (
			);
			runOnlyForDeploymentPostprocessing = 0;
		};
		A0D926062F20BE860036EF1A /* Frameworks */ = {
			isa = PBXFrameworksBuildPhase;
			buildActionMask = 2147483647;
			files = (
			);
			runOnlyForDeploymentPostprocessing = 0;
		};
/* End PBXFrameworksBuildPhase section */

/* Begin PBXGroup section */
		A0D925E92F20BE830036EF1A = {
			isa = PBXGroup;
			children = (
				A0D925F42F20BE830036EF1A /* BerlinClockApp */,
				A0D926022F20BE860036EF1A /* BerlinClockAppTests */,
				A0D9260C2F20BE860036EF1A /* BerlinClockAppUITests */,
				A0D925F32F20BE830036EF1A /* Products */,
			);
			sourceTree = "<group>";
		};
		A0D925F32F20BE830036EF1A /* Products */ = {
			isa = PBXGroup;
			children = (
				A0D925F22F20BE830036EF1A /* BerlinClockApp.app */,
				A0D925FF2F20BE860036EF1A /* BerlinClockAppTests.xctest */,
				A0D926092F20BE860036EF1A /* BerlinClockAppUITests.xctest */,
			);
			name = Products;
			sourceTree = "<group>";
		};
/* End PBXGroup section */

/* Begin PBXNativeTarget section */
		A0D925F12F20BE830036EF1A /* BerlinClockApp */ = {
			isa = PBXNativeTarget;
			buildConfigurationList = A0D926132F20BE860036EF1A /* Build configuration list for PBXNativeTarget "BerlinClockApp" */;
			buildPhases = (
				A0D925EE2F20BE830036EF1A /* Sources */,
				A0D925EF2F20BE830036EF1A /* Frameworks */,
				A0D925F02F20BE830036EF1A /* Resources */,
			);
			buildRules = (
			);
			dependencies = (
			);
			fileSystemSynchronizedGroups = (
				A0D925F42F20BE830036EF1A /* BerlinClockApp */,
			);
			name = BerlinClockApp;
			packageProductDependencies = (
				A0D9265E2F20D8E10036EF1A /* ClockCore */,
				A0D9266D2F20DBC00036EF1A /* BerlinClockDomain */,
				A0DD56D52F2124E2002872D4 /* ClockTime */,
				A0DD56E42F2128A0002872D4 /* ClockUI */,
				A0DD57172F22160C002872D4 /* Bootstrap */,
			);
			productName = BerlinClockApp;
			productReference = A0D925F22F20BE830036EF1A /* BerlinClockApp.app */;
			productType = "com.apple.product-type.application";
		};
		A0D925FE2F20BE860036EF1A /* BerlinClockAppTests */ = {
			isa = PBXNativeTarget;
			buildConfigurationList = A0D926162F20BE860036EF1A /* Build configuration list for PBXNativeTarget "BerlinClockAppTests" */;
			buildPhases = (
				A0D925FB2F20BE860036EF1A /* Sources */,
				A0D925FC2F20BE860036EF1A /* Frameworks */,
				A0D925FD2F20BE860036EF1A /* Resources */,
			);
			buildRules = (
			);
			dependencies = (
				A0D926012F20BE860036EF1A /* PBXTargetDependency */,
			);
			fileSystemSynchronizedGroups = (
				A0D926022F20BE860036EF1A /* BerlinClockAppTests */,
			);
			name = BerlinClockAppTests;
			packageProductDependencies = (
			);
			productName = BerlinClockAppTests;
			productReference = A0D925FF2F20BE860036EF1A /* BerlinClockAppTests.xctest */;
			productType = "com.apple.product-type.bundle.unit-test";
		};
		A0D926082F20BE860036EF1A /* BerlinClockAppUITests */ = {
			isa = PBXNativeTarget;
			buildConfigurationList = A0D926192F20BE860036EF1A /* Build configuration list for PBXNativeTarget "BerlinClockAppUITests" */;
			buildPhases = (
				A0D926052F20BE860036EF1A /* Sources */,
				A0D926062F20BE860036EF1A /* Frameworks */,
				A0D926072F20BE860036EF1A /* Resources */,
			);
			buildRules = (
			);
			dependencies = (
				A0D9260B2F20BE860036EF1A /* PBXTargetDependency */,
			);
			fileSystemSynchronizedGroups = (
				A0D9260C2F20BE860036EF1A /* BerlinClockAppUITests */,
			);
			name = BerlinClockAppUITests;
			packageProductDependencies = (
			);
			productName = BerlinClockAppUITests;
			productReference = A0D926092F20BE860036EF1A /* BerlinClockAppUITests.xctest */;
			productType = "com.apple.product-type.bundle.ui-testing";
		};
/* End PBXNativeTarget section */

/* Begin PBXProject section */
		A0D925EA2F20BE830036EF1A /* Project object */ = {
			isa = PBXProject;
			attributes = {
				BuildIndependentTargetsInParallel = 1;
				LastSwiftUpdateCheck = 2620;
				LastUpgradeCheck = 2620;
				TargetAttributes = {
					A0D925F12F20BE830036EF1A = {
						CreatedOnToolsVersion = 26.2;
					};
					A0D925FE2F20BE860036EF1A = {
						CreatedOnToolsVersion = 26.2;
						TestTargetID = A0D925F12F20BE830036EF1A;
					};
					A0D926082F20BE860036EF1A = {
						CreatedOnToolsVersion = 26.2;
						TestTargetID = A0D925F12F20BE830036EF1A;
					};
				};
			};
			buildConfigurationList = A0D925ED2F20BE830036EF1A /* Build configuration list for PBXProject "BerlinClockApp" */;
			developmentRegion = en;
			hasScannedForEncodings = 0;
			knownRegions = (
				en,
				Base,
			);
			mainGroup = A0D925E92F20BE830036EF1A;
			minimizedProjectReferenceProxies = 1;
			packageReferences = (
				A0D9265D2F20D8E10036EF1A /* XCLocalSwiftPackageReference "Packages/ClockCore" */,
				A0D9266C2F20DBC00036EF1A /* XCLocalSwiftPackageReference "Packages/BerlinClockDomain" */,
				A0DD56D42F2124E2002872D4 /* XCLocalSwiftPackageReference "Packages/ClockTime" */,
				A0DD56E32F2128A0002872D4 /* XCLocalSwiftPackageReference "Packages/ClockUI" */,
				A0DD57162F22160C002872D4 /* XCLocalSwiftPackageReference "Packages/Bootstrap" */,
			);
			preferredProjectObjectVersion = 77;
			productRefGroup = A0D925F32F20BE830036EF1A /* Products */;
			projectDirPath = "";
			projectRoot = "";
			targets = (
				A0D925F12F20BE830036EF1A /* BerlinClockApp */,
				A0D925FE2F20BE860036EF1A /* BerlinClockAppTests */,
				A0D926082F20BE860036EF1A /* BerlinClockAppUITests */,
			);
		};
/* End PBXProject section */

/* Begin PBXResourcesBuildPhase section */
		A0D925F02F20BE830036EF1A /* Resources */ = {
			isa = PBXResourcesBuildPhase;
			buildActionMask = 2147483647;
			files = (
			);
			runOnlyForDeploymentPostprocessing = 0;
		};
		A0D925FD2F20BE860036EF1A /* Resources */ = {
			isa = PBXResourcesBuildPhase;
			buildActionMask = 2147483647;
			files = (
			);
			runOnlyForDeploymentPostprocessing = 0;
		};
		A0D926072F20BE860036EF1A /* Resources */ = {
			isa = PBXResourcesBuildPhase;
			buildActionMask = 2147483647;
			files = (
			);
			runOnlyForDeploymentPostprocessing = 0;
		};
/* End PBXResourcesBuildPhase section */

/* Begin PBXSourcesBuildPhase section */
		A0D925EE2F20BE830036EF1A /* Sources */ = {
			isa = PBXSourcesBuildPhase;
			buildActionMask = 2147483647;
			files = (
			);
			runOnlyForDeploymentPostprocessing = 0;
		};
		A0D925FB2F20BE860036EF1A /* Sources */ = {
			isa = PBXSourcesBuildPhase;
			buildActionMask = 2147483647;
			files = (
			);
			runOnlyForDeploymentPostprocessing = 0;
		};
		A0D926052F20BE860036EF1A /* Sources */ = {
			isa = PBXSourcesBuildPhase;
			buildActionMask = 2147483647;
			files = (
			);
			runOnlyForDeploymentPostprocessing = 0;
		};
/* End PBXSourcesBuildPhase section */

/* Begin PBXTargetDependency section */
		A0D926012F20BE860036EF1A /* PBXTargetDependency */ = {
			isa = PBXTargetDependency;
			target = A0D925F12F20BE830036EF1A /* BerlinClockApp */;
			targetProxy = A0D926002F20BE860036EF1A /* PBXContainerItemProxy */;
		};
		A0D9260B2F20BE860036EF1A /* PBXTargetDependency */ = {
			isa = PBXTargetDependency;
			target = A0D925F12F20BE830036EF1A /* BerlinClockApp */;
			targetProxy = A0D9260A2F20BE860036EF1A /* PBXContainerItemProxy */;
		};
/* End PBXTargetDependency section */

/* Begin XCBuildConfiguration section */
		A0D926112F20BE860036EF1A /* Debug */ = {
			isa = XCBuildConfiguration;
			buildSettings = {
				ALWAYS_SEARCH_USER_PATHS = NO;
				ASSETCATALOG_COMPILER_GENERATE_SWIFT_ASSET_SYMBOL_EXTENSIONS = YES;
				CLANG_ANALYZER_NONNULL = YES;
				CLANG_ANALYZER_NUMBER_OBJECT_CONVERSION = YES_AGGRESSIVE;
				CLANG_CXX_LANGUAGE_STANDARD = "gnu++20";
				CLANG_ENABLE_MODULES = YES;
				CLANG_ENABLE_OBJC_ARC = YES;
				CLANG_ENABLE_OBJC_WEAK = YES;
				CLANG_WARN_BLOCK_CAPTURE_AUTORELEASING = YES;
				CLANG_WARN_BOOL_CONVERSION = YES;
				CLANG_WARN_COMMA = YES;
				CLANG_WARN_CONSTANT_CONVERSION = YES;
				CLANG_WARN_DEPRECATED_OBJC_IMPLEMENTATIONS = YES;
				CLANG_WARN_DIRECT_OBJC_ISA_USAGE = YES_ERROR;
				CLANG_WARN_DOCUMENTATION_COMMENTS = YES;
				CLANG_WARN_EMPTY_BODY = YES;
				CLANG_WARN_ENUM_CONVERSION = YES;
				CLANG_WARN_INFINITE_RECURSION = YES;
				CLANG_WARN_INT_CONVERSION = YES;
				CLANG_WARN_NON_LITERAL_NULL_CONVERSION = YES;
				CLANG_WARN_OBJC_IMPLICIT_RETAIN_SELF = YES;
				CLANG_WARN_OBJC_LITERAL_CONVERSION = YES;
				CLANG_WARN_OBJC_ROOT_CLASS = YES_ERROR;
				CLANG_WARN_QUOTED_INCLUDE_IN_FRAMEWORK_HEADER = YES;
				CLANG_WARN_RANGE_LOOP_ANALYSIS = YES;
				CLANG_WARN_STRICT_PROTOTYPES = YES;
				CLANG_WARN_SUSPICIOUS_MOVE = YES;
				CLANG_WARN_UNGUARDED_AVAILABILITY = YES_AGGRESSIVE;
				CLANG_WARN_UNREACHABLE_CODE = YES;
				CLANG_WARN__DUPLICATE_METHOD_MATCH = YES;
				COPY_PHASE_STRIP = NO;
				DEBUG_INFORMATION_FORMAT = dwarf;
				ENABLE_STRICT_OBJC_MSGSEND = YES;
				ENABLE_TESTABILITY = YES;
				ENABLE_USER_SCRIPT_SANDBOXING = YES;
				GCC_C_LANGUAGE_STANDARD = gnu17;
				GCC_DYNAMIC_NO_PIC = NO;
				GCC_NO_COMMON_BLOCKS = YES;
				GCC_OPTIMIZATION_LEVEL = 0;
				GCC_PREPROCESSOR_DEFINITIONS = (
					"DEBUG=1",
					"$(inherited)",
				);
				GCC_WARN_64_TO_32_BIT_CONVERSION = YES;
				GCC_WARN_ABOUT_RETURN_TYPE = YES_ERROR;
				GCC_WARN_UNDECLARED_SELECTOR = YES;
				GCC_WARN_UNINITIALIZED_AUTOS = YES_AGGRESSIVE;
				GCC_WARN_UNUSED_FUNCTION = YES;
				GCC_WARN_UNUSED_VARIABLE = YES;
				IPHONEOS_DEPLOYMENT_TARGET = 26.2;
				LOCALIZATION_PREFERS_STRING_CATALOGS = YES;
				MTL_ENABLE_DEBUG_INFO = INCLUDE_SOURCE;
				MTL_FAST_MATH = YES;
				ONLY_ACTIVE_ARCH = YES;
				SDKROOT = iphoneos;
				SWIFT_ACTIVE_COMPILATION_CONDITIONS = "DEBUG $(inherited)";
				SWIFT_OPTIMIZATION_LEVEL = "-Onone";
			};
			name = Debug;
		};
		A0D926122F20BE860036EF1A /* Release */ = {
			isa = XCBuildConfiguration;
			buildSettings = {
				ALWAYS_SEARCH_USER_PATHS = NO;
				ASSETCATALOG_COMPILER_GENERATE_SWIFT_ASSET_SYMBOL_EXTENSIONS = YES;
				CLANG_ANALYZER_NONNULL = YES;
				CLANG_ANALYZER_NUMBER_OBJECT_CONVERSION = YES_AGGRESSIVE;
				CLANG_CXX_LANGUAGE_STANDARD = "gnu++20";
				CLANG_ENABLE_MODULES = YES;
				CLANG_ENABLE_OBJC_ARC = YES;
				CLANG_ENABLE_OBJC_WEAK = YES;
				CLANG_WARN_BLOCK_CAPTURE_AUTORELEASING = YES;
				CLANG_WARN_BOOL_CONVERSION = YES;
				CLANG_WARN_COMMA = YES;
				CLANG_WARN_CONSTANT_CONVERSION = YES;
				CLANG_WARN_DEPRECATED_OBJC_IMPLEMENTATIONS = YES;
				CLANG_WARN_DIRECT_OBJC_ISA_USAGE = YES_ERROR;
				CLANG_WARN_DOCUMENTATION_COMMENTS = YES;
				CLANG_WARN_EMPTY_BODY = YES;
				CLANG_WARN_ENUM_CONVERSION = YES;
				CLANG_WARN_INFINITE_RECURSION = YES;
				CLANG_WARN_INT_CONVERSION = YES;
				CLANG_WARN_NON_LITERAL_NULL_CONVERSION = YES;
				CLANG_WARN_OBJC_IMPLICIT_RETAIN_SELF = YES;
				CLANG_WARN_OBJC_LITERAL_CONVERSION = YES;
				CLANG_WARN_OBJC_ROOT_CLASS = YES_ERROR;
				CLANG_WARN_QUOTED_INCLUDE_IN_FRAMEWORK_HEADER = YES;
				CLANG_WARN_RANGE_LOOP_ANALYSIS = YES;
				CLANG_WARN_STRICT_PROTOTYPES = YES;
				CLANG_WARN_SUSPICIOUS_MOVE = YES;
				CLANG_WARN_UNGUARDED_AVAILABILITY = YES_AGGRESSIVE;
				CLANG_WARN_UNREACHABLE_CODE = YES;
				CLANG_WARN__DUPLICATE_METHOD_MATCH = YES;
				COPY_PHASE_STRIP = NO;
				DEBUG_INFORMATION_FORMAT = "dwarf-with-dsym";
				ENABLE_NS_ASSERTIONS = NO;
				ENABLE_STRICT_OBJC_MSGSEND = YES;
				ENABLE_USER_SCRIPT_SANDBOXING = YES;
				GCC_C_LANGUAGE_STANDARD = gnu17;
				GCC_NO_COMMON_BLOCKS = YES;
				GCC_WARN_64_TO_32_BIT_CONVERSION = YES;
				GCC_WARN_ABOUT_RETURN_TYPE = YES_ERROR;
				GCC_WARN_UNDECLARED_SELECTOR = YES;
				GCC_WARN_UNINITIALIZED_AUTOS = YES_AGGRESSIVE;
				GCC_WARN_UNUSED_FUNCTION = YES;
				GCC_WARN_UNUSED_VARIABLE = YES;
				IPHONEOS_DEPLOYMENT_TARGET = 26.2;
				LOCALIZATION_PREFERS_STRING_CATALOGS = YES;
				MTL_ENABLE_DEBUG_INFO = NO;
				MTL_FAST_MATH = YES;
				SDKROOT = iphoneos;
				SWIFT_COMPILATION_MODE = wholemodule;
				VALIDATE_PRODUCT = YES;
			};
			name = Release;
		};
		A0D926142F20BE860036EF1A /* Debug */ = {
			isa = XCBuildConfiguration;
			buildSettings = {
				ASSETCATALOG_COMPILER_APPICON_NAME = AppIcon;
				ASSETCATALOG_COMPILER_GLOBAL_ACCENT_COLOR_NAME = AccentColor;
				CODE_SIGN_STYLE = Automatic;
				CURRENT_PROJECT_VERSION = 1;
				ENABLE_PREVIEWS = YES;
				GENERATE_INFOPLIST_FILE = YES;
				INFOPLIST_KEY_UIApplicationSceneManifest_Generation = YES;
				INFOPLIST_KEY_UIApplicationSupportsIndirectInputEvents = YES;
				INFOPLIST_KEY_UILaunchScreen_Generation = YES;
				INFOPLIST_KEY_UISupportedInterfaceOrientations_iPad = "UIInterfaceOrientationPortrait UIInterfaceOrientationPortraitUpsideDown UIInterfaceOrientationLandscapeLeft UIInterfaceOrientationLandscapeRight";
				INFOPLIST_KEY_UISupportedInterfaceOrientations_iPhone = "UIInterfaceOrientationPortrait UIInterfaceOrientationLandscapeLeft UIInterfaceOrientationLandscapeRight";
				LD_RUNPATH_SEARCH_PATHS = (
					"$(inherited)",
					"@executable_path/Frameworks",
				);
				MARKETING_VERSION = 1.0;
				PRODUCT_BUNDLE_IDENTIFIER = com.bnp.berlinclockapp.BerlinClockApp;
				PRODUCT_NAME = "$(TARGET_NAME)";
				STRING_CATALOG_GENERATE_SYMBOLS = YES;
				SWIFT_APPROACHABLE_CONCURRENCY = YES;
				SWIFT_DEFAULT_ACTOR_ISOLATION = MainActor;
				SWIFT_EMIT_LOC_STRINGS = YES;
				SWIFT_UPCOMING_FEATURE_MEMBER_IMPORT_VISIBILITY = YES;
				SWIFT_VERSION = 5.0;
				TARGETED_DEVICE_FAMILY = "1,2";
			};
			name = Debug;
		};
		A0D926152F20BE860036EF1A /* Release */ = {
			isa = XCBuildConfiguration;
			buildSettings = {
				ASSETCATALOG_COMPILER_APPICON_NAME = AppIcon;
				ASSETCATALOG_COMPILER_GLOBAL_ACCENT_COLOR_NAME = AccentColor;
				CODE_SIGN_STYLE = Automatic;
				CURRENT_PROJECT_VERSION = 1;
				ENABLE_PREVIEWS = YES;
				GENERATE_INFOPLIST_FILE = YES;
				INFOPLIST_KEY_UIApplicationSceneManifest_Generation = YES;
				INFOPLIST_KEY_UIApplicationSupportsIndirectInputEvents = YES;
				INFOPLIST_KEY_UILaunchScreen_Generation = YES;
				INFOPLIST_KEY_UISupportedInterfaceOrientations_iPad = "UIInterfaceOrientationPortrait UIInterfaceOrientationPortraitUpsideDown UIInterfaceOrientationLandscapeLeft UIInterfaceOrientationLandscapeRight";
				INFOPLIST_KEY_UISupportedInterfaceOrientations_iPhone = "UIInterfaceOrientationPortrait UIInterfaceOrientationLandscapeLeft UIInterfaceOrientationLandscapeRight";
				LD_RUNPATH_SEARCH_PATHS = (
					"$(inherited)",
					"@executable_path/Frameworks",
				);
				MARKETING_VERSION = 1.0;
				PRODUCT_BUNDLE_IDENTIFIER = com.bnp.berlinclockapp.BerlinClockApp;
				PRODUCT_NAME = "$(TARGET_NAME)";
				STRING_CATALOG_GENERATE_SYMBOLS = YES;
				SWIFT_APPROACHABLE_CONCURRENCY = YES;
				SWIFT_DEFAULT_ACTOR_ISOLATION = MainActor;
				SWIFT_EMIT_LOC_STRINGS = YES;
				SWIFT_UPCOMING_FEATURE_MEMBER_IMPORT_VISIBILITY = YES;
				SWIFT_VERSION = 5.0;
				TARGETED_DEVICE_FAMILY = "1,2";
			};
			name = Release;
		};
		A0D926172F20BE860036EF1A /* Debug */ = {
			isa = XCBuildConfiguration;
			buildSettings = {
				BUNDLE_LOADER = "$(TEST_HOST)";
				CODE_SIGN_STYLE = Automatic;
				CURRENT_PROJECT_VERSION = 1;
				GENERATE_INFOPLIST_FILE = YES;
				IPHONEOS_DEPLOYMENT_TARGET = 26.2;
				MARKETING_VERSION = 1.0;
				PRODUCT_BUNDLE_IDENTIFIER = com.bnp.berlinclockapp.BerlinClockAppTests;
				PRODUCT_NAME = "$(TARGET_NAME)";
				STRING_CATALOG_GENERATE_SYMBOLS = NO;
				SWIFT_APPROACHABLE_CONCURRENCY = YES;
				SWIFT_EMIT_LOC_STRINGS = NO;
				SWIFT_UPCOMING_FEATURE_MEMBER_IMPORT_VISIBILITY = YES;
				SWIFT_VERSION = 5.0;
				TARGETED_DEVICE_FAMILY = "1,2";
				TEST_HOST = "$(BUILT_PRODUCTS_DIR)/BerlinClockApp.app/$(BUNDLE_EXECUTABLE_FOLDER_PATH)/BerlinClockApp";
			};
			name = Debug;
		};
		A0D926182F20BE860036EF1A /* Release */ = {
			isa = XCBuildConfiguration;
			buildSettings = {
				BUNDLE_LOADER = "$(TEST_HOST)";
				CODE_SIGN_STYLE = Automatic;
				CURRENT_PROJECT_VERSION = 1;
				GENERATE_INFOPLIST_FILE = YES;
				IPHONEOS_DEPLOYMENT_TARGET = 26.2;
				MARKETING_VERSION = 1.0;
				PRODUCT_BUNDLE_IDENTIFIER = com.bnp.berlinclockapp.BerlinClockAppTests;
				PRODUCT_NAME = "$(TARGET_NAME)";
				STRING_CATALOG_GENERATE_SYMBOLS = NO;
				SWIFT_APPROACHABLE_CONCURRENCY = YES;
				SWIFT_EMIT_LOC_STRINGS = NO;
				SWIFT_UPCOMING_FEATURE_MEMBER_IMPORT_VISIBILITY = YES;
				SWIFT_VERSION = 5.0;
				TARGETED_DEVICE_FAMILY = "1,2";
				TEST_HOST = "$(BUILT_PRODUCTS_DIR)/BerlinClockApp.app/$(BUNDLE_EXECUTABLE_FOLDER_PATH)/BerlinClockApp";
			};
			name = Release;
		};
		A0D9261A2F20BE860036EF1A /* Debug */ = {
			isa = XCBuildConfiguration;
			buildSettings = {
				CODE_SIGN_STYLE = Automatic;
				CURRENT_PROJECT_VERSION = 1;
				GENERATE_INFOPLIST_FILE = YES;
				MARKETING_VERSION = 1.0;
				PRODUCT_BUNDLE_IDENTIFIER = com.bnp.berlinclockapp.BerlinClockAppUITests;
				PRODUCT_NAME = "$(TARGET_NAME)";
				STRING_CATALOG_GENERATE_SYMBOLS = NO;
				SWIFT_APPROACHABLE_CONCURRENCY = YES;
				SWIFT_EMIT_LOC_STRINGS = NO;
				SWIFT_UPCOMING_FEATURE_MEMBER_IMPORT_VISIBILITY = YES;
				SWIFT_VERSION = 5.0;
				TARGETED_DEVICE_FAMILY = "1,2";
				TEST_TARGET_NAME = BerlinClockApp;
			};
			name = Debug;
		};
		A0D9261B2F20BE860036EF1A /* Release */ = {
			isa = XCBuildConfiguration;
			buildSettings = {
				CODE_SIGN_STYLE = Automatic;
				CURRENT_PROJECT_VERSION = 1;
				GENERATE_INFOPLIST_FILE = YES;
				MARKETING_VERSION = 1.0;
				PRODUCT_BUNDLE_IDENTIFIER = com.bnp.berlinclockapp.BerlinClockAppUITests;
				PRODUCT_NAME = "$(TARGET_NAME)";
				STRING_CATALOG_GENERATE_SYMBOLS = NO;
				SWIFT_APPROACHABLE_CONCURRENCY = YES;
				SWIFT_EMIT_LOC_STRINGS = NO;
				SWIFT_UPCOMING_FEATURE_MEMBER_IMPORT_VISIBILITY = YES;
				SWIFT_VERSION = 5.0;
				TARGETED_DEVICE_FAMILY = "1,2";
				TEST_TARGET_NAME = BerlinClockApp;
			};
			name = Release;
		};
/* End XCBuildConfiguration section */

/* Begin XCConfigurationList section */
		A0D925ED2F20BE830036EF1A /* Build configuration list for PBXProject "BerlinClockApp" */ = {
			isa = XCConfigurationList;
			buildConfigurations = (
				A0D926112F20BE860036EF1A /* Debug */,
				A0D926122F20BE860036EF1A /* Release */,
			);
			defaultConfigurationIsVisible = 0;
			defaultConfigurationName = Release;
		};
		A0D926132F20BE860036EF1A /* Build configuration list for PBXNativeTarget "BerlinClockApp" */ = {
			isa = XCConfigurationList;
			buildConfigurations = (
				A0D926142F20BE860036EF1A /* Debug */,
				A0D926152F20BE860036EF1A /* Release */,
			);
			defaultConfigurationIsVisible = 0;
			defaultConfigurationName = Release;
		};
		A0D926162F20BE860036EF1A /* Build configuration list for PBXNativeTarget "BerlinClockAppTests" */ = {
			isa = XCConfigurationList;
			buildConfigurations = (
				A0D926172F20BE860036EF1A /* Debug */,
				A0D926182F20BE860036EF1A /* Release */,
			);
			defaultConfigurationIsVisible = 0;
			defaultConfigurationName = Release;
		};
		A0D926192F20BE860036EF1A /* Build configuration list for PBXNativeTarget "BerlinClockAppUITests" */ = {
			isa = XCConfigurationList;
			buildConfigurations = (
				A0D9261A2F20BE860036EF1A /* Debug */,
				A0D9261B2F20BE860036EF1A /* Release */,
			);
			defaultConfigurationIsVisible = 0;
			defaultConfigurationName = Release;
		};
/* End XCConfigurationList section */

/* Begin XCLocalSwiftPackageReference section */
		A0D9265D2F20D8E10036EF1A /* XCLocalSwiftPackageReference "Packages/ClockCore" */ = {
			isa = XCLocalSwiftPackageReference;
			relativePath = Packages/ClockCore;
		};
		A0D9266C2F20DBC00036EF1A /* XCLocalSwiftPackageReference "Packages/BerlinClockDomain" */ = {
			isa = XCLocalSwiftPackageReference;
			relativePath = Packages/BerlinClockDomain;
		};
		A0DD56D42F2124E2002872D4 /* XCLocalSwiftPackageReference "Packages/ClockTime" */ = {
			isa = XCLocalSwiftPackageReference;
			relativePath = Packages/ClockTime;
		};
		A0DD56E32F2128A0002872D4 /* XCLocalSwiftPackageReference "Packages/ClockUI" */ = {
			isa = XCLocalSwiftPackageReference;
			relativePath = Packages/ClockUI;
		};
		A0DD57162F22160C002872D4 /* XCLocalSwiftPackageReference "Packages/Bootstrap" */ = {
			isa = XCLocalSwiftPackageReference;
			relativePath = Packages/Bootstrap;
		};
/* End XCLocalSwiftPackageReference section */

/* Begin XCSwiftPackageProductDependency section */
		A0D9265E2F20D8E10036EF1A /* ClockCore */ = {
			isa = XCSwiftPackageProductDependency;
			productName = ClockCore;
		};
		A0D9266D2F20DBC00036EF1A /* BerlinClockDomain */ = {
			isa = XCSwiftPackageProductDependency;
			productName = BerlinClockDomain;
		};
		A0DD56D52F2124E2002872D4 /* ClockTime */ = {
			isa = XCSwiftPackageProductDependency;
			productName = ClockTime;
		};
		A0DD56E42F2128A0002872D4 /* ClockUI */ = {
			isa = XCSwiftPackageProductDependency;
			productName = ClockUI;
		};
		A0DD57172F22160C002872D4 /* Bootstrap */ = {
			isa = XCSwiftPackageProductDependency;
			productName = Bootstrap;
		};
/* End XCSwiftPackageProductDependency section */
	};
	rootObject = A0D925EA2F20BE830036EF1A /* Project object */;
}
